// !$*UTF8*$!
{
	archiveVersion = 1;
	classes = {
	};
	objectVersion = 77;
	objects = {

/* Begin PBXContainerItemProxy section */
		4469B4B72DC7789500783391 /* PBXContainerItemProxy */ = {
			isa = PBXContainerItemProxy;
			containerPortal = 4469B4A12DC7789400783391 /* Project object */;
			proxyType = 1;
			remoteGlobalIDString = 4469B4A82DC7789400783391;
			remoteInfo = "EQ Chatbot XCode";
		};
		4469B4C12DC7789500783391 /* PBXContainerItemProxy */ = {
			isa = PBXContainerItemProxy;
			containerPortal = 4469B4A12DC7789400783391 /* Project object */;
			proxyType = 1;
			remoteGlobalIDString = 4469B4A82DC7789400783391;
			remoteInfo = "EQ Chatbot XCode";
		};
/* End PBXContainerItemProxy section */

/* Begin PBXFileReference section */
		4469B4A92DC7789400783391 /* EQ Chatbot XCode.app */ = {isa = PBXFileReference; explicitFileType = wrapper.application; includeInIndex = 0; path = "EQ Chatbot XCode.app"; sourceTree = BUILT_PRODUCTS_DIR; };
		4469B4B62DC7789500783391 /* EQ Chatbot XCodeTests.xctest */ = {isa = PBXFileReference; explicitFileType = wrapper.cfbundle; includeInIndex = 0; path = "EQ Chatbot XCodeTests.xctest"; sourceTree = BUILT_PRODUCTS_DIR; };
		4469B4C02DC7789500783391 /* EQ Chatbot XCodeUITests.xctest */ = {isa = PBXFileReference; explicitFileType = wrapper.cfbundle; includeInIndex = 0; path = "EQ Chatbot XCodeUITests.xctest"; sourceTree = BUILT_PRODUCTS_DIR; };
/* End PBXFileReference section */

/* Begin PBXFileSystemSynchronizedRootGroup section */
		4469B4AB2DC7789400783391 /* EQ Chatbot XCode */ = {
			isa = PBXFileSystemSynchronizedRootGroup;
			path = "EQ Chatbot XCode";
			sourceTree = "<group>";
		};
		4469B4B92DC7789500783391 /* EQ Chatbot XCodeTests */ = {
			isa = PBXFileSystemSynchronizedRootGroup;
			path = "EQ Chatbot XCodeTests";
			sourceTree = "<group>";
		};
		4469B4C32DC7789500783391 /* EQ Chatbot XCodeUITests */ = {
			isa = PBXFileSystemSynchronizedRootGroup;
			path = "EQ Chatbot XCodeUITests";
			sourceTree = "<group>";
		};
/* End PBXFileSystemSynchronizedRootGroup section */

/* Begin PBXFrameworksBuildPhase section */
		4469B4A62DC7789400783391 /* Frameworks */ = {
			isa = PBXFrameworksBuildPhase;
			buildActionMask = 2147483647;
			files = (
			);
			runOnlyForDeploymentPostprocessing = 0;
		};
		4469B4B32DC7789500783391 /* Frameworks */ = {
			isa = PBXFrameworksBuildPhase;
			buildActionMask = 2147483647;
			files = (
			);
			runOnlyForDeploymentPostprocessing = 0;
		};
		4469B4BD2DC7789500783391 /* Frameworks */ = {
			isa = PBXFrameworksBuildPhase;
			buildActionMask = 2147483647;
			files = (
			);
			runOnlyForDeploymentPostprocessing = 0;
		};
/* End PBXFrameworksBuildPhase section */

/* Begin PBXGroup section */
		4469B4A02DC7789400783391 = {
			isa = PBXGroup;
			children = (
				4469B4AB2DC7789400783391 /* EQ Chatbot XCode */,
				4469B4B92DC7789500783391 /* EQ Chatbot XCodeTests */,
				4469B4C32DC7789500783391 /* EQ Chatbot XCodeUITests */,
				4469B4AA2DC7789400783391 /* Products */,
			);
			sourceTree = "<group>";
		};
		4469B4AA2DC7789400783391 /* Products */ = {
			isa = PBXGroup;
			children = (
				4469B4A92DC7789400783391 /* EQ Chatbot XCode.app */,
				4469B4B62DC7789500783391 /* EQ Chatbot XCodeTests.xctest */,
				4469B4C02DC7789500783391 /* EQ Chatbot XCodeUITests.xctest */,
			);
			name = Products;
			sourceTree = "<group>";
		};
/* End PBXGroup section */

/* Begin PBXNativeTarget section */
		4469B4A82DC7789400783391 /* EQ Chatbot XCode */ = {
			isa = PBXNativeTarget;
			buildConfigurationList = 4469B4CA2DC7789500783391 /* Build configuration list for PBXNativeTarget "EQ Chatbot XCode" */;
			buildPhases = (
				4469B4A52DC7789400783391 /* Sources */,
				4469B4A62DC7789400783391 /* Frameworks */,
				4469B4A72DC7789400783391 /* Resources */,
			);
			buildRules = (
			);
			dependencies = (
			);
			fileSystemSynchronizedGroups = (
				4469B4AB2DC7789400783391 /* EQ Chatbot XCode */,
			);
			name = "EQ Chatbot XCode";
			packageProductDependencies = (
			);
			productName = "EQ Chatbot XCode";
			productReference = 4469B4A92DC7789400783391 /* EQ Chatbot XCode.app */;
			productType = "com.apple.product-type.application";
		};
		4469B4B52DC7789500783391 /* EQ Chatbot XCodeTests */ = {
			isa = PBXNativeTarget;
			buildConfigurationList = 4469B4CD2DC7789500783391 /* Build configuration list for PBXNativeTarget "EQ Chatbot XCodeTests" */;
			buildPhases = (
				4469B4B22DC7789500783391 /* Sources */,
				4469B4B32DC7789500783391 /* Frameworks */,
				4469B4B42DC7789500783391 /* Resources */,
			);
			buildRules = (
			);
			dependencies = (
				4469B4B82DC7789500783391 /* PBXTargetDependency */,
			);
			fileSystemSynchronizedGroups = (
				4469B4B92DC7789500783391 /* EQ Chatbot XCodeTests */,
			);
			name = "EQ Chatbot XCodeTests";
			packageProductDependencies = (
			);
			productName = "EQ Chatbot XCodeTests";
			productReference = 4469B4B62DC7789500783391 /* EQ Chatbot XCodeTests.xctest */;
			productType = "com.apple.product-type.bundle.unit-test";
		};
		4469B4BF2DC7789500783391 /* EQ Chatbot XCodeUITests */ = {
			isa = PBXNativeTarget;
			buildConfigurationList = 4469B4D02DC7789500783391 /* Build configuration list for PBXNativeTarget "EQ Chatbot XCodeUITests" */;
			buildPhases = (
				4469B4BC2DC7789500783391 /* Sources */,
				4469B4BD2DC7789500783391 /* Frameworks */,
				4469B4BE2DC7789500783391 /* Resources */,
			);
			buildRules = (
			);
			dependencies = (
				4469B4C22DC7789500783391 /* PBXTargetDependency */,
			);
			fileSystemSynchronizedGroups = (
				4469B4C32DC7789500783391 /* EQ Chatbot XCodeUITests */,
			);
			name = "EQ Chatbot XCodeUITests";
			packageProductDependencies = (
			);
			productName = "EQ Chatbot XCodeUITests";
			productReference = 4469B4C02DC7789500783391 /* EQ Chatbot XCodeUITests.xctest */;
			productType = "com.apple.product-type.bundle.ui-testing";
		};
/* End PBXNativeTarget section */

/* Begin PBXProject section */
		4469B4A12DC7789400783391 /* Project object */ = {
			isa = PBXProject;
			attributes = {
				BuildIndependentTargetsInParallel = 1;
				LastSwiftUpdateCheck = 1630;
				LastUpgradeCheck = 1630;
				TargetAttributes = {
					4469B4A82DC7789400783391 = {
						CreatedOnToolsVersion = 16.3;
					};
					4469B4B52DC7789500783391 = {
						CreatedOnToolsVersion = 16.3;
						TestTargetID = 4469B4A82DC7789400783391;
					};
					4469B4BF2DC7789500783391 = {
						CreatedOnToolsVersion = 16.3;
						TestTargetID = 4469B4A82DC7789400783391;
					};
				};
			};
			buildConfigurationList = 4469B4A42DC7789400783391 /* Build configuration list for PBXProject "EQ Chatbot XCode" */;
			developmentRegion = en;
			hasScannedForEncodings = 0;
			knownRegions = (
				en,
				Base,
			);
			mainGroup = 4469B4A02DC7789400783391;
			minimizedProjectReferenceProxies = 1;
			preferredProjectObjectVersion = 77;
			productRefGroup = 4469B4AA2DC7789400783391 /* Products */;
			projectDirPath = "";
			projectRoot = "";
			targets = (
				4469B4A82DC7789400783391 /* EQ Chatbot XCode */,
				4469B4B52DC7789500783391 /* EQ Chatbot XCodeTests */,
				4469B4BF2DC7789500783391 /* EQ Chatbot XCodeUITests */,
			);
		};
/* End PBXProject section */

/* Begin PBXResourcesBuildPhase section */
		4469B4A72DC7789400783391 /* Resources */ = {
			isa = PBXResourcesBuildPhase;
			buildActionMask = 2147483647;
			files = (
			);
			runOnlyForDeploymentPostprocessing = 0;
		};
		4469B4B42DC7789500783391 /* Resources */ = {
			isa = PBXResourcesBuildPhase;
			buildActionMask = 2147483647;
			files = (
			);
			runOnlyForDeploymentPostprocessing = 0;
		};
		4469B4BE2DC7789500783391 /* Resources */ = {
			isa = PBXResourcesBuildPhase;
			buildActionMask = 2147483647;
			files = (
			);
			runOnlyForDeploymentPostprocessing = 0;
		};
/* End PBXResourcesBuildPhase section */

/* Begin PBXSourcesBuildPhase section */
		4469B4A52DC7789400783391 /* Sources */ = {
			isa = PBXSourcesBuildPhase;
			buildActionMask = 2147483647;
			files = (
			);
			runOnlyForDeploymentPostprocessing = 0;
		};
		4469B4B22DC7789500783391 /* Sources */ = {
			isa = PBXSourcesBuildPhase;
			buildActionMask = 2147483647;
			files = (
			);
			runOnlyForDeploymentPostprocessing = 0;
		};
		4469B4BC2DC7789500783391 /* Sources */ = {
			isa = PBXSourcesBuildPhase;
			buildActionMask = 2147483647;
			files = (
			);
			runOnlyForDeploymentPostprocessing = 0;
		};
/* End PBXSourcesBuildPhase section */

/* Begin PBXTargetDependency section */
		4469B4B82DC7789500783391 /* PBXTargetDependency */ = {
			isa = PBXTargetDependency;
			target = 4469B4A82DC7789400783391 /* EQ Chatbot XCode */;
			targetProxy = 4469B4B72DC7789500783391 /* PBXContainerItemProxy */;
		};
		4469B4C22DC7789500783391 /* PBXTargetDependency */ = {
			isa = PBXTargetDependency;
			target = 4469B4A82DC7789400783391 /* EQ Chatbot XCode */;
			targetProxy = 4469B4C12DC7789500783391 /* PBXContainerItemProxy */;
		};
/* End PBXTargetDependency section */

/* Begin XCBuildConfiguration section */
		4469B4C82DC7789500783391 /* Debug */ = {
			isa = XCBuildConfiguration;
			buildSettings = {
				ALWAYS_SEARCH_USER_PATHS = NO;
				ASSETCATALOG_COMPILER_GENERATE_SWIFT_ASSET_SYMBOL_EXTENSIONS = YES;
				CLANG_ANALYZER_NONNULL = YES;
				CLANG_ANALYZER_NUMBER_OBJECT_CONVERSION = YES_AGGRESSIVE;
				CLANG_CXX_LANGUAGE_STANDARD = "gnu++20";
				CLANG_ENABLE_MODULES = YES;
				CLANG_ENABLE_OBJC_ARC = YES;
				CLANG_ENABLE_OBJC_WEAK = YES;
				CLANG_WARN_BLOCK_CAPTURE_AUTORELEASING = YES;
				CLANG_WARN_BOOL_CONVERSION = YES;
				CLANG_WARN_COMMA = YES;
				CLANG_WARN_CONSTANT_CONVERSION = YES;
				CLANG_WARN_DEPRECATED_OBJC_IMPLEMENTATIONS = YES;
				CLANG_WARN_DIRECT_OBJC_ISA_USAGE = YES_ERROR;
				CLANG_WARN_DOCUMENTATION_COMMENTS = YES;
				CLANG_WARN_EMPTY_BODY = YES;
				CLANG_WARN_ENUM_CONVERSION = YES;
				CLANG_WARN_INFINITE_RECURSION = YES;
				CLANG_WARN_INT_CONVERSION = YES;
				CLANG_WARN_NON_LITERAL_NULL_CONVERSION = YES;
				CLANG_WARN_OBJC_IMPLICIT_RETAIN_SELF = YES;
				CLANG_WARN_OBJC_LITERAL_CONVERSION = YES;
				CLANG_WARN_OBJC_ROOT_CLASS = YES_ERROR;
				CLANG_WARN_QUOTED_INCLUDE_IN_FRAMEWORK_HEADER = YES;
				CLANG_WARN_RANGE_LOOP_ANALYSIS = YES;
				CLANG_WARN_STRICT_PROTOTYPES = YES;
				CLANG_WARN_SUSPICIOUS_MOVE = YES;
				CLANG_WARN_UNGUARDED_AVAILABILITY = YES_AGGRESSIVE;
				CLANG_WARN_UNREACHABLE_CODE = YES;
				CLANG_WARN__DUPLICATE_METHOD_MATCH = YES;
				COPY_PHASE_STRIP = NO;
				DEBUG_INFORMATION_FORMAT = dwarf;
				ENABLE_STRICT_OBJC_MSGSEND = YES;
				ENABLE_TESTABILITY = YES;
				ENABLE_USER_SCRIPT_SANDBOXING = YES;
				GCC_C_LANGUAGE_STANDARD = gnu17;
				GCC_DYNAMIC_NO_PIC = NO;
				GCC_NO_COMMON_BLOCKS = YES;
				GCC_OPTIMIZATION_LEVEL = 0;
				GCC_PREPROCESSOR_DEFINITIONS = (
					"DEBUG=1",
					"$(inherited)",
				);
				GCC_WARN_64_TO_32_BIT_CONVERSION = YES;
				GCC_WARN_ABOUT_RETURN_TYPE = YES_ERROR;
				GCC_WARN_UNDECLARED_SELECTOR = YES;
				GCC_WARN_UNINITIALIZED_AUTOS = YES_AGGRESSIVE;
				GCC_WARN_UNUSED_FUNCTION = YES;
				GCC_WARN_UNUSED_VARIABLE = YES;
				IPHONEOS_DEPLOYMENT_TARGET = 18.4;
				LOCALIZATION_PREFERS_STRING_CATALOGS = YES;
				MTL_ENABLE_DEBUG_INFO = INCLUDE_SOURCE;
				MTL_FAST_MATH = YES;
				ONLY_ACTIVE_ARCH = YES;
				SDKROOT = iphoneos;
				SWIFT_ACTIVE_COMPILATION_CONDITIONS = "DEBUG $(inherited)";
				SWIFT_OPTIMIZATION_LEVEL = "-Onone";
			};
			name = Debug;
		};
		4469B4C92DC7789500783391 /* Release */ = {
			isa = XCBuildConfiguration;
			buildSettings = {
				ALWAYS_SEARCH_USER_PATHS = NO;
				ASSETCATALOG_COMPILER_GENERATE_SWIFT_ASSET_SYMBOL_EXTENSIONS = YES;
				CLANG_ANALYZER_NONNULL = YES;
				CLANG_ANALYZER_NUMBER_OBJECT_CONVERSION = YES_AGGRESSIVE;
				CLANG_CXX_LANGUAGE_STANDARD = "gnu++20";
				CLANG_ENABLE_MODULES = YES;
				CLANG_ENABLE_OBJC_ARC = YES;
				CLANG_ENABLE_OBJC_WEAK = YES;
				CLANG_WARN_BLOCK_CAPTURE_AUTORELEASING = YES;
				CLANG_WARN_BOOL_CONVERSION = YES;
				CLANG_WARN_COMMA = YES;
				CLANG_WARN_CONSTANT_CONVERSION = YES;
				CLANG_WARN_DEPRECATED_OBJC_IMPLEMENTATIONS = YES;
				CLANG_WARN_DIRECT_OBJC_ISA_USAGE = YES_ERROR;
				CLANG_WARN_DOCUMENTATION_COMMENTS = YES;
				CLANG_WARN_EMPTY_BODY = YES;
				CLANG_WARN_ENUM_CONVERSION = YES;
				CLANG_WARN_INFINITE_RECURSION = YES;
				CLANG_WARN_INT_CONVERSION = YES;
				CLANG_WARN_NON_LITERAL_NULL_CONVERSION = YES;
				CLANG_WARN_OBJC_IMPLICIT_RETAIN_SELF = YES;
				CLANG_WARN_OBJC_LITERAL_CONVERSION = YES;
				CLANG_WARN_OBJC_ROOT_CLASS = YES_ERROR;
				CLANG_WARN_QUOTED_INCLUDE_IN_FRAMEWORK_HEADER = YES;
				CLANG_WARN_RANGE_LOOP_ANALYSIS = YES;
				CLANG_WARN_STRICT_PROTOTYPES = YES;
				CLANG_WARN_SUSPICIOUS_MOVE = YES;
				CLANG_WARN_UNGUARDED_AVAILABILITY = YES_AGGRESSIVE;
				CLANG_WARN_UNREACHABLE_CODE = YES;
				CLANG_WARN__DUPLICATE_METHOD_MATCH = YES;
				COPY_PHASE_STRIP = NO;
				DEBUG_INFORMATION_FORMAT = "dwarf-with-dsym";
				ENABLE_NS_ASSERTIONS = NO;
				ENABLE_STRICT_OBJC_MSGSEND = YES;
				ENABLE_USER_SCRIPT_SANDBOXING = YES;
				GCC_C_LANGUAGE_STANDARD = gnu17;
				GCC_NO_COMMON_BLOCKS = YES;
				GCC_WARN_64_TO_32_BIT_CONVERSION = YES;
				GCC_WARN_ABOUT_RETURN_TYPE = YES_ERROR;
				GCC_WARN_UNDECLARED_SELECTOR = YES;
				GCC_WARN_UNINITIALIZED_AUTOS = YES_AGGRESSIVE;
				GCC_WARN_UNUSED_FUNCTION = YES;
				GCC_WARN_UNUSED_VARIABLE = YES;
				IPHONEOS_DEPLOYMENT_TARGET = 18.4;
				LOCALIZATION_PREFERS_STRING_CATALOGS = YES;
				MTL_ENABLE_DEBUG_INFO = NO;
				MTL_FAST_MATH = YES;
				SDKROOT = iphoneos;
				SWIFT_COMPILATION_MODE = wholemodule;
				VALIDATE_PRODUCT = YES;
			};
			name = Release;
		};
		4469B4CB2DC7789500783391 /* Debug */ = {
			isa = XCBuildConfiguration;
			buildSettings = {
				ASSETCATALOG_COMPILER_APPICON_NAME = AppIcon;
				ASSETCATALOG_COMPILER_GLOBAL_ACCENT_COLOR_NAME = AccentColor;
				CODE_SIGN_STYLE = Automatic;
				CURRENT_PROJECT_VERSION = 1;
				ENABLE_PREVIEWS = YES;
				GENERATE_INFOPLIST_FILE = YES;
				INFOPLIST_KEY_UIApplicationSceneManifest_Generation = YES;
				INFOPLIST_KEY_UIApplicationSupportsIndirectInputEvents = YES;
				INFOPLIST_KEY_UILaunchScreen_Generation = YES;
				INFOPLIST_KEY_UISupportedInterfaceOrientations_iPad = "UIInterfaceOrientationPortrait UIInterfaceOrientationPortraitUpsideDown UIInterfaceOrientationLandscapeLeft UIInterfaceOrientationLandscapeRight";
				INFOPLIST_KEY_UISupportedInterfaceOrientations_iPhone = "UIInterfaceOrientationPortrait UIInterfaceOrientationLandscapeLeft UIInterfaceOrientationLandscapeRight";
				LD_RUNPATH_SEARCH_PATHS = (
					"$(inherited)",
					"@executable_path/Frameworks",
				);
				MARKETING_VERSION = 1.0;
				PRODUCT_BUNDLE_IDENTIFIER = "lynch.EQ-Chatbot-XCode";
				PRODUCT_NAME = "$(TARGET_NAME)";
				SWIFT_EMIT_LOC_STRINGS = YES;
				SWIFT_VERSION = 5.0;
				TARGETED_DEVICE_FAMILY = "1,2";
			};
			name = Debug;
		};
		4469B4CC2DC7789500783391 /* Release */ = {
			isa = XCBuildConfiguration;
			buildSettings = {
				ASSETCATALOG_COMPILER_APPICON_NAME = AppIcon;
				ASSETCATALOG_COMPILER_GLOBAL_ACCENT_COLOR_NAME = AccentColor;
				CODE_SIGN_STYLE = Automatic;
				CURRENT_PROJECT_VERSION = 1;
				ENABLE_PREVIEWS = YES;
				GENERATE_INFOPLIST_FILE = YES;
				INFOPLIST_KEY_UIApplicationSceneManifest_Generation = YES;
				INFOPLIST_KEY_UIApplicationSupportsIndirectInputEvents = YES;
				INFOPLIST_KEY_UILaunchScreen_Generation = YES;
				INFOPLIST_KEY_UISupportedInterfaceOrientations_iPad = "UIInterfaceOrientationPortrait UIInterfaceOrientationPortraitUpsideDown UIInterfaceOrientationLandscapeLeft UIInterfaceOrientationLandscapeRight";
				INFOPLIST_KEY_UISupportedInterfaceOrientations_iPhone = "UIInterfaceOrientationPortrait UIInterfaceOrientationLandscapeLeft UIInterfaceOrientationLandscapeRight";
				LD_RUNPATH_SEARCH_PATHS = (
					"$(inherited)",
					"@executable_path/Frameworks",
				);
				MARKETING_VERSION = 1.0;
				PRODUCT_BUNDLE_IDENTIFIER = "lynch.EQ-Chatbot-XCode";
				PRODUCT_NAME = "$(TARGET_NAME)";
				SWIFT_EMIT_LOC_STRINGS = YES;
				SWIFT_VERSION = 5.0;
				TARGETED_DEVICE_FAMILY = "1,2";
			};
			name = Release;
		};
		4469B4CE2DC7789500783391 /* Debug */ = {
			isa = XCBuildConfiguration;
			buildSettings = {
				BUNDLE_LOADER = "$(TEST_HOST)";
				CODE_SIGN_STYLE = Automatic;
				CURRENT_PROJECT_VERSION = 1;
				GENERATE_INFOPLIST_FILE = YES;
				IPHONEOS_DEPLOYMENT_TARGET = 18.4;
				MARKETING_VERSION = 1.0;
				PRODUCT_BUNDLE_IDENTIFIER = "lynch.EQ-Chatbot-XCodeTests";
				PRODUCT_NAME = "$(TARGET_NAME)";
				SWIFT_EMIT_LOC_STRINGS = NO;
				SWIFT_VERSION = 5.0;
				TARGETED_DEVICE_FAMILY = "1,2";
				TEST_HOST = "$(BUILT_PRODUCTS_DIR)/EQ Chatbot XCode.app/$(BUNDLE_EXECUTABLE_FOLDER_PATH)/EQ Chatbot XCode";
			};
			name = Debug;
		};
		4469B4CF2DC7789500783391 /* Release */ = {
			isa = XCBuildConfiguration;
			buildSettings = {
				BUNDLE_LOADER = "$(TEST_HOST)";
				CODE_SIGN_STYLE = Automatic;
				CURRENT_PROJECT_VERSION = 1;
				GENERATE_INFOPLIST_FILE = YES;
				IPHONEOS_DEPLOYMENT_TARGET = 18.4;
				MARKETING_VERSION = 1.0;
				PRODUCT_BUNDLE_IDENTIFIER = "lynch.EQ-Chatbot-XCodeTests";
				PRODUCT_NAME = "$(TARGET_NAME)";
				SWIFT_EMIT_LOC_STRINGS = NO;
				SWIFT_VERSION = 5.0;
				TARGETED_DEVICE_FAMILY = "1,2";
				TEST_HOST = "$(BUILT_PRODUCTS_DIR)/EQ Chatbot XCode.app/$(BUNDLE_EXECUTABLE_FOLDER_PATH)/EQ Chatbot XCode";
			};
			name = Release;
		};
		4469B4D12DC7789500783391 /* Debug */ = {
			isa = XCBuildConfiguration;
			buildSettings = {
				CODE_SIGN_STYLE = Automatic;
				CURRENT_PROJECT_VERSION = 1;
				GENERATE_INFOPLIST_FILE = YES;
				MARKETING_VERSION = 1.0;
				PRODUCT_BUNDLE_IDENTIFIER = "lynch.EQ-Chatbot-XCodeUITests";
				PRODUCT_NAME = "$(TARGET_NAME)";
				SWIFT_EMIT_LOC_STRINGS = NO;
				SWIFT_VERSION = 5.0;
				TARGETED_DEVICE_FAMILY = "1,2";
				TEST_TARGET_NAME = "EQ Chatbot XCode";
			};
			name = Debug;
		};
		4469B4D22DC7789500783391 /* Release */ = {
			isa = XCBuildConfiguration;
			buildSettings = {
				CODE_SIGN_STYLE = Automatic;
				CURRENT_PROJECT_VERSION = 1;
				GENERATE_INFOPLIST_FILE = YES;
				MARKETING_VERSION = 1.0;
				PRODUCT_BUNDLE_IDENTIFIER = "lynch.EQ-Chatbot-XCodeUITests";
				PRODUCT_NAME = "$(TARGET_NAME)";
				SWIFT_EMIT_LOC_STRINGS = NO;
				SWIFT_VERSION = 5.0;
				TARGETED_DEVICE_FAMILY = "1,2";
				TEST_TARGET_NAME = "EQ Chatbot XCode";
			};
			name = Release;
		};
/* End XCBuildConfiguration section */

/* Begin XCConfigurationList section */
		4469B4A42DC7789400783391 /* Build configuration list for PBXProject "EQ Chatbot XCode" */ = {
			isa = XCConfigurationList;
			buildConfigurations = (
				4469B4C82DC7789500783391 /* Debug */,
				4469B4C92DC7789500783391 /* Release */,
			);
			defaultConfigurationIsVisible = 0;
			defaultConfigurationName = Release;
		};
		4469B4CA2DC7789500783391 /* Build configuration list for PBXNativeTarget "EQ Chatbot XCode" */ = {
			isa = XCConfigurationList;
			buildConfigurations = (
				4469B4CB2DC7789500783391 /* Debug */,
				4469B4CC2DC7789500783391 /* Release */,
			);
			defaultConfigurationIsVisible = 0;
			defaultConfigurationName = Release;
		};
		4469B4CD2DC7789500783391 /* Build configuration list for PBXNativeTarget "EQ Chatbot XCodeTests" */ = {
			isa = XCConfigurationList;
			buildConfigurations = (
				4469B4CE2DC7789500783391 /* Debug */,
				4469B4CF2DC7789500783391 /* Release */,
			);
			defaultConfigurationIsVisible = 0;
			defaultConfigurationName = Release;
		};
		4469B4D02DC7789500783391 /* Build configuration list for PBXNativeTarget "EQ Chatbot XCodeUITests" */ = {
			isa = XCConfigurationList;
			buildConfigurations = (
				4469B4D12DC7789500783391 /* Debug */,
				4469B4D22DC7789500783391 /* Release */,
			);
			defaultConfigurationIsVisible = 0;
			defaultConfigurationName = Release;
		};
/* End XCConfigurationList section */
	};
	rootObject = 4469B4A12DC7789400783391 /* Project object */;
}
